
Microsoft Visual Studio Solution File, Format Version 12.00
# Visual Studio 15
VisualStudioVersion = 15.0.27428.2005
MinimumVisualStudioVersion = 10.0.40219.1
Project("{8BC9CEB8-8B4A-11D0-8D11-00A0C91BC942}") = "hw6", "hw6\hw6.vcxproj", "{54265FC9-28AC-4968-A0C4-51B577A9FA18}"
EndProject
Global
	GlobalSection(SolutionConfigurationPlatforms) = preSolution
		Debug|x64 = Debug|x64
		Debug|x86 = Debug|x86
		Release|x64 = Release|x64
		Release|x86 = Release|x86
	EndGlobalSection
	GlobalSection(ProjectConfigurationPlatforms) = postSolution
		{54265FC9-28AC-4968-A0C4-51B577A9FA18}.Debug|x64.ActiveCfg = Debug|x64
		{54265FC9-28AC-4968-A0C4-51B577A9FA18}.Debug|x64.Build.0 = Debug|x64
		{54265FC9-28AC-4968-A0C4-51B577A9FA18}.Debug|x86.ActiveCfg = Debug|Win32
		{54265FC9-28AC-4968-A0C4-51B577A9FA18}.Debug|x86.Build.0 = Debug|Win32
		{54265FC9-28AC-4968-A0C4-51B577A9FA18}.Release|x64.ActiveCfg = Release|x64
		{54265FC9-28AC-4968-A0C4-51B577A9FA18}.Release|x64.Build.0 = Release|x64
		{54265FC9-28AC-4968-A0C4-51B577A9FA18}.Release|x86.ActiveCfg = Release|Win32
		{54265FC9-28AC-4968-A0C4-51B577A9FA18}.Release|x86.Build.0 = Release|Win32
	EndGlobalSection
	GlobalSection(SolutionProperties) = preSolution
		HideSolutionNode = FALSE
	EndGlobalSection
	GlobalSection(ExtensibilityGlobals) = postSolution
		SolutionGuid = {E059F1FF-5D78-4A89-ABAF-0C813B047FA8}
	EndGlobalSection
EndGlobal
